
Microsoft Visual Studio Solution File, Format Version 12.00
# Visual Studio Version 16
VisualStudioVersion = 16.0.36128.20
MinimumVisualStudioVersion = 10.0.40219.1
Project("{FAE04EC0-301F-11D3-BF4B-00C04F79EFBC}") = "2LAyer_Pro", "2LAyer_Pro\2LAyer_Pro.csproj", "{38CF7AE5-3983-41F1-B80C-0B7BC5944BBD}"
EndProject
Global
	GlobalSection(SolutionConfigurationPlatforms) = preSolution
		Debug|Any CPU = Debug|Any CPU
		Release|Any CPU = Release|Any CPU
	EndGlobalSection
	GlobalSection(ProjectConfigurationPlatforms) = postSolution
		{38CF7AE5-3983-41F1-B80C-0B7BC5944BBD}.Debug|Any CPU.ActiveCfg = Debug|Any CPU
		{38CF7AE5-3983-41F1-B80C-0B7BC5944BBD}.Debug|Any CPU.Build.0 = Debug|Any CPU
		{38CF7AE5-3983-41F1-B80C-0B7BC5944BBD}.Release|Any CPU.ActiveCfg = Release|Any CPU
		{38CF7AE5-3983-41F1-B80C-0B7BC5944BBD}.Release|Any CPU.Build.0 = Release|Any CPU
	EndGlobalSection
	GlobalSection(SolutionProperties) = preSolution
		HideSolutionNode = FALSE
	EndGlobalSection
	GlobalSection(ExtensibilityGlobals) = postSolution
		SolutionGuid = {DB271003-2B57-4986-88DA-42A860B01BA7}
	EndGlobalSection
EndGlobal
